
Microsoft Visual Studio Solution File, Format Version 12.00
# Visual Studio Version 16
VisualStudioVersion = 16.0.29306.81
MinimumVisualStudioVersion = 10.0.40219.1
Project("{FAE04EC0-301F-11D3-BF4B-00C04F79EFBC}") = "MvpOnboardingTask", "MvpOnboardingTask\MvpOnboardingTask.csproj", "{9AC998B1-471F-498A-B188-89533AB9A4CD}"
EndProject
Global
	GlobalSection(SolutionConfigurationPlatforms) = preSolution
		Debug|Any CPU = Debug|Any CPU
		Release|Any CPU = Release|Any CPU
	EndGlobalSection
	GlobalSection(ProjectConfigurationPlatforms) = postSolution
		{9AC998B1-471F-498A-B188-89533AB9A4CD}.Debug|Any CPU.ActiveCfg = Debug|Any CPU
		{9AC998B1-471F-498A-B188-89533AB9A4CD}.Debug|Any CPU.Build.0 = Debug|Any CPU
		{9AC998B1-471F-498A-B188-89533AB9A4CD}.Release|Any CPU.ActiveCfg = Release|Any CPU
		{9AC998B1-471F-498A-B188-89533AB9A4CD}.Release|Any CPU.Build.0 = Release|Any CPU
	EndGlobalSection
	GlobalSection(SolutionProperties) = preSolution
		HideSolutionNode = FALSE
	EndGlobalSection
	GlobalSection(ExtensibilityGlobals) = postSolution
		SolutionGuid = {60F8A29D-6B84-430F-B882-8C76D2D68C76}
	EndGlobalSection
EndGlobal
